// !$*UTF8*$!
{
	archiveVersion = 1;
	classes = {
	};
	objectVersion = 56;
	objects = {

/* Begin PBXBuildFile section */
		C12A93612C5FE960008AE150 /* SignUpViewController.swift in Sources */ = {isa = PBXBuildFile; fileRef = C12A93602C5FE960008AE150 /* SignUpViewController.swift */; };
		C12A93632C5FF940008AE150 /* SignInCoordinator.swift in Sources */ = {isa = PBXBuildFile; fileRef = C12A93622C5FF940008AE150 /* SignInCoordinator.swift */; };
		C12A93652C6004D6008AE150 /* SignUpCoordinator.swift in Sources */ = {isa = PBXBuildFile; fileRef = C12A93642C6004D6008AE150 /* SignUpCoordinator.swift */; };
		C13BC1AE2C5EC68300C823CD /* SignInViewModel.swift in Sources */ = {isa = PBXBuildFile; fileRef = C13BC1AD2C5EC68300C823CD /* SignInViewModel.swift */; };
		C13BC1B02C5EE0B200C823CD /* SignInState.swift in Sources */ = {isa = PBXBuildFile; fileRef = C13BC1AF2C5EE0B200C823CD /* SignInState.swift */; };
		C15D0A812C59DE6F00F31E4E /* AppDelegate.swift in Sources */ = {isa = PBXBuildFile; fileRef = C15D0A802C59DE6F00F31E4E /* AppDelegate.swift */; };
		C15D0A832C59DE6F00F31E4E /* SceneDelegate.swift in Sources */ = {isa = PBXBuildFile; fileRef = C15D0A822C59DE6F00F31E4E /* SceneDelegate.swift */; };
		C15D0A8A2C59DE7000F31E4E /* Assets.xcassets in Resources */ = {isa = PBXBuildFile; fileRef = C15D0A892C59DE7000F31E4E /* Assets.xcassets */; };
		C15D0A8D2C59DE7000F31E4E /* Base in Resources */ = {isa = PBXBuildFile; fileRef = C15D0A8C2C59DE7000F31E4E /* Base */; };
		C1BE947A2C5B2C2F00184D18 /* SignInViewController.swift in Sources */ = {isa = PBXBuildFile; fileRef = C1BE94792C5B2C2F00184D18 /* SignInViewController.swift */; };
		C1FFB80D2C62E43B009D12FD /* SignUpViewModel.swift in Sources */ = {isa = PBXBuildFile; fileRef = C1FFB80C2C62E43B009D12FD /* SignUpViewModel.swift */; };
		C1FFB80F2C62E4E4009D12FD /* SignUpState.swift in Sources */ = {isa = PBXBuildFile; fileRef = C1FFB80E2C62E4E4009D12FD /* SignUpState.swift */; };
		C1FFB8142C62F91E009D12FD /* HomeViewController.swift in Sources */ = {isa = PBXBuildFile; fileRef = C1FFB8132C62F91E009D12FD /* HomeViewController.swift */; };
		C1FFB8162C62FB60009D12FD /* HomeCoordinator.swift in Sources */ = {isa = PBXBuildFile; fileRef = C1FFB8152C62FB60009D12FD /* HomeCoordinator.swift */; };
		C1FFB8182C62FC33009D12FD /* HomeViewModel.swift in Sources */ = {isa = PBXBuildFile; fileRef = C1FFB8172C62FC33009D12FD /* HomeViewModel.swift */; };
/* End PBXBuildFile section */

/* Begin PBXFileReference section */
		C12A93602C5FE960008AE150 /* SignUpViewController.swift */ = {isa = PBXFileReference; lastKnownFileType = sourcecode.swift; path = SignUpViewController.swift; sourceTree = "<group>"; };
		C12A93622C5FF940008AE150 /* SignInCoordinator.swift */ = {isa = PBXFileReference; lastKnownFileType = sourcecode.swift; path = SignInCoordinator.swift; sourceTree = "<group>"; };
		C12A93642C6004D6008AE150 /* SignUpCoordinator.swift */ = {isa = PBXFileReference; lastKnownFileType = sourcecode.swift; path = SignUpCoordinator.swift; sourceTree = "<group>"; };
		C13BC1AD2C5EC68300C823CD /* SignInViewModel.swift */ = {isa = PBXFileReference; lastKnownFileType = sourcecode.swift; path = SignInViewModel.swift; sourceTree = "<group>"; };
		C13BC1AF2C5EE0B200C823CD /* SignInState.swift */ = {isa = PBXFileReference; lastKnownFileType = sourcecode.swift; path = SignInState.swift; sourceTree = "<group>"; };
		C15D0A7D2C59DE6F00F31E4E /* BurguerStore.app */ = {isa = PBXFileReference; explicitFileType = wrapper.application; includeInIndex = 0; path = BurguerStore.app; sourceTree = BUILT_PRODUCTS_DIR; };
		C15D0A802C59DE6F00F31E4E /* AppDelegate.swift */ = {isa = PBXFileReference; lastKnownFileType = sourcecode.swift; path = AppDelegate.swift; sourceTree = "<group>"; };
		C15D0A822C59DE6F00F31E4E /* SceneDelegate.swift */ = {isa = PBXFileReference; lastKnownFileType = sourcecode.swift; path = SceneDelegate.swift; sourceTree = "<group>"; };
		C15D0A892C59DE7000F31E4E /* Assets.xcassets */ = {isa = PBXFileReference; lastKnownFileType = folder.assetcatalog; path = Assets.xcassets; sourceTree = "<group>"; };
		C15D0A8C2C59DE7000F31E4E /* Base */ = {isa = PBXFileReference; lastKnownFileType = file.storyboard; name = Base; path = Base.lproj/LaunchScreen.storyboard; sourceTree = "<group>"; };
		C15D0A8E2C59DE7000F31E4E /* Info.plist */ = {isa = PBXFileReference; lastKnownFileType = text.plist.xml; path = Info.plist; sourceTree = "<group>"; };
		C1BE94792C5B2C2F00184D18 /* SignInViewController.swift */ = {isa = PBXFileReference; lastKnownFileType = sourcecode.swift; path = SignInViewController.swift; sourceTree = "<group>"; };
		C1FFB80C2C62E43B009D12FD /* SignUpViewModel.swift */ = {isa = PBXFileReference; lastKnownFileType = sourcecode.swift; path = SignUpViewModel.swift; sourceTree = "<group>"; };
		C1FFB80E2C62E4E4009D12FD /* SignUpState.swift */ = {isa = PBXFileReference; lastKnownFileType = sourcecode.swift; path = SignUpState.swift; sourceTree = "<group>"; };
		C1FFB8132C62F91E009D12FD /* HomeViewController.swift */ = {isa = PBXFileReference; lastKnownFileType = sourcecode.swift; path = HomeViewController.swift; sourceTree = "<group>"; };
		C1FFB8152C62FB60009D12FD /* HomeCoordinator.swift */ = {isa = PBXFileReference; lastKnownFileType = sourcecode.swift; path = HomeCoordinator.swift; sourceTree = "<group>"; };
		C1FFB8172C62FC33009D12FD /* HomeViewModel.swift */ = {isa = PBXFileReference; lastKnownFileType = sourcecode.swift; path = HomeViewModel.swift; sourceTree = "<group>"; };
/* End PBXFileReference section */

/* Begin PBXFrameworksBuildPhase section */
		C15D0A7A2C59DE6F00F31E4E /* Frameworks */ = {
			isa = PBXFrameworksBuildPhase;
			buildActionMask = 2147483647;
			files = (
			);
			runOnlyForDeploymentPostprocessing = 0;
		};
/* End PBXFrameworksBuildPhase section */

/* Begin PBXGroup section */
		C12A935E2C5FE938008AE150 /* SignUp */ = {
			isa = PBXGroup;
			children = (
				C1FFB80B2C62E424009D12FD /* ViewModel */,
				C12A935F2C5FE947008AE150 /* View */,
				C12A93642C6004D6008AE150 /* SignUpCoordinator.swift */,
			);
			path = SignUp;
			sourceTree = "<group>";
		};
		C12A935F2C5FE947008AE150 /* View */ = {
			isa = PBXGroup;
			children = (
				C12A93602C5FE960008AE150 /* SignUpViewController.swift */,
			);
			path = View;
			sourceTree = "<group>";
		};
		C13BC1AC2C5EC65500C823CD /* ViewModel */ = {
			isa = PBXGroup;
			children = (
				C13BC1AD2C5EC68300C823CD /* SignInViewModel.swift */,
				C13BC1AF2C5EE0B200C823CD /* SignInState.swift */,
			);
			path = ViewModel;
			sourceTree = "<group>";
		};
		C15D0A742C59DE6E00F31E4E = {
			isa = PBXGroup;
			children = (
				C15D0A7F2C59DE6F00F31E4E /* BurguerStore */,
				C15D0A7E2C59DE6F00F31E4E /* Products */,
			);
			sourceTree = "<group>";
		};
		C15D0A7E2C59DE6F00F31E4E /* Products */ = {
			isa = PBXGroup;
			children = (
				C15D0A7D2C59DE6F00F31E4E /* BurguerStore.app */,
			);
			name = Products;
			sourceTree = "<group>";
		};
		C15D0A7F2C59DE6F00F31E4E /* BurguerStore */ = {
			isa = PBXGroup;
			children = (
				C1FFB8102C62F8E5009D12FD /* Home */,
				C12A935E2C5FE938008AE150 /* SignUp */,
				C1BE94772C5B2BDB00184D18 /* SignIn */,
				C15D0A802C59DE6F00F31E4E /* AppDelegate.swift */,
				C15D0A822C59DE6F00F31E4E /* SceneDelegate.swift */,
				C15D0A892C59DE7000F31E4E /* Assets.xcassets */,
				C15D0A8B2C59DE7000F31E4E /* LaunchScreen.storyboard */,
				C15D0A8E2C59DE7000F31E4E /* Info.plist */,
			);
			path = BurguerStore;
			sourceTree = "<group>";
		};
		C1BE94772C5B2BDB00184D18 /* SignIn */ = {
			isa = PBXGroup;
			children = (
				C13BC1AC2C5EC65500C823CD /* ViewModel */,
				C1BE94782C5B2BED00184D18 /* View */,
				C12A93622C5FF940008AE150 /* SignInCoordinator.swift */,
			);
			path = SignIn;
			sourceTree = "<group>";
		};
		C1BE94782C5B2BED00184D18 /* View */ = {
			isa = PBXGroup;
			children = (
				C1BE94792C5B2C2F00184D18 /* SignInViewController.swift */,
			);
			path = View;
			sourceTree = "<group>";
		};
		C1FFB80B2C62E424009D12FD /* ViewModel */ = {
			isa = PBXGroup;
			children = (
				C1FFB80C2C62E43B009D12FD /* SignUpViewModel.swift */,
				C1FFB80E2C62E4E4009D12FD /* SignUpState.swift */,
			);
			path = ViewModel;
			sourceTree = "<group>";
		};
		C1FFB8102C62F8E5009D12FD /* Home */ = {
			isa = PBXGroup;
			children = (
				C1FFB8122C62F905009D12FD /* View */,
				C1FFB8112C62F8EF009D12FD /* ViewModel */,
				C1FFB8152C62FB60009D12FD /* HomeCoordinator.swift */,
			);
			path = Home;
			sourceTree = "<group>";
		};
		C1FFB8112C62F8EF009D12FD /* ViewModel */ = {
			isa = PBXGroup;
			children = (
				C1FFB8172C62FC33009D12FD /* HomeViewModel.swift */,
			);
			path = ViewModel;
			sourceTree = "<group>";
		};
		C1FFB8122C62F905009D12FD /* View */ = {
			isa = PBXGroup;
			children = (
				C1FFB8132C62F91E009D12FD /* HomeViewController.swift */,
			);
			path = View;
			sourceTree = "<group>";
		};
/* End PBXGroup section */

/* Begin PBXNativeTarget section */
		C15D0A7C2C59DE6F00F31E4E /* BurguerStore */ = {
			isa = PBXNativeTarget;
			buildConfigurationList = C15D0A912C59DE7000F31E4E /* Build configuration list for PBXNativeTarget "BurguerStore" */;
			buildPhases = (
				C15D0A792C59DE6F00F31E4E /* Sources */,
				C15D0A7A2C59DE6F00F31E4E /* Frameworks */,
				C15D0A7B2C59DE6F00F31E4E /* Resources */,
			);
			buildRules = (
			);
			dependencies = (
			);
			name = BurguerStore;
			productName = BurguerStore;
			productReference = C15D0A7D2C59DE6F00F31E4E /* BurguerStore.app */;
			productType = "com.apple.product-type.application";
		};
/* End PBXNativeTarget section */

/* Begin PBXProject section */
		C15D0A752C59DE6E00F31E4E /* Project object */ = {
			isa = PBXProject;
			attributes = {
				BuildIndependentTargetsInParallel = 1;
				LastSwiftUpdateCheck = 1540;
				LastUpgradeCheck = 1540;
				TargetAttributes = {
					C15D0A7C2C59DE6F00F31E4E = {
						CreatedOnToolsVersion = 15.4;
					};
				};
			};
			buildConfigurationList = C15D0A782C59DE6E00F31E4E /* Build configuration list for PBXProject "BurguerStore" */;
			compatibilityVersion = "Xcode 14.0";
			developmentRegion = en;
			hasScannedForEncodings = 0;
			knownRegions = (
				en,
				Base,
			);
			mainGroup = C15D0A742C59DE6E00F31E4E;
			productRefGroup = C15D0A7E2C59DE6F00F31E4E /* Products */;
			projectDirPath = "";
			projectRoot = "";
			targets = (
				C15D0A7C2C59DE6F00F31E4E /* BurguerStore */,
			);
		};
/* End PBXProject section */

/* Begin PBXResourcesBuildPhase section */
		C15D0A7B2C59DE6F00F31E4E /* Resources */ = {
			isa = PBXResourcesBuildPhase;
			buildActionMask = 2147483647;
			files = (
				C15D0A8A2C59DE7000F31E4E /* Assets.xcassets in Resources */,
				C15D0A8D2C59DE7000F31E4E /* Base in Resources */,
			);
			runOnlyForDeploymentPostprocessing = 0;
		};
/* End PBXResourcesBuildPhase section */

/* Begin PBXSourcesBuildPhase section */
		C15D0A792C59DE6F00F31E4E /* Sources */ = {
			isa = PBXSourcesBuildPhase;
			buildActionMask = 2147483647;
			files = (
				C12A93612C5FE960008AE150 /* SignUpViewController.swift in Sources */,
				C13BC1AE2C5EC68300C823CD /* SignInViewModel.swift in Sources */,
				C1BE947A2C5B2C2F00184D18 /* SignInViewController.swift in Sources */,
				C15D0A812C59DE6F00F31E4E /* AppDelegate.swift in Sources */,
				C1FFB80D2C62E43B009D12FD /* SignUpViewModel.swift in Sources */,
				C1FFB8162C62FB60009D12FD /* HomeCoordinator.swift in Sources */,
				C12A93652C6004D6008AE150 /* SignUpCoordinator.swift in Sources */,
				C12A93632C5FF940008AE150 /* SignInCoordinator.swift in Sources */,
				C1FFB8182C62FC33009D12FD /* HomeViewModel.swift in Sources */,
				C1FFB8142C62F91E009D12FD /* HomeViewController.swift in Sources */,
				C1FFB80F2C62E4E4009D12FD /* SignUpState.swift in Sources */,
				C15D0A832C59DE6F00F31E4E /* SceneDelegate.swift in Sources */,
				C13BC1B02C5EE0B200C823CD /* SignInState.swift in Sources */,
			);
			runOnlyForDeploymentPostprocessing = 0;
		};
/* End PBXSourcesBuildPhase section */

/* Begin PBXVariantGroup section */
		C15D0A8B2C59DE7000F31E4E /* LaunchScreen.storyboard */ = {
			isa = PBXVariantGroup;
			children = (
				C15D0A8C2C59DE7000F31E4E /* Base */,
			);
			name = LaunchScreen.storyboard;
			sourceTree = "<group>";
		};
/* End PBXVariantGroup section */

/* Begin XCBuildConfiguration section */
		C15D0A8F2C59DE7000F31E4E /* Debug */ = {
			isa = XCBuildConfiguration;
			buildSettings = {
				ALWAYS_SEARCH_USER_PATHS = NO;
				ASSETCATALOG_COMPILER_GENERATE_SWIFT_ASSET_SYMBOL_EXTENSIONS = YES;
				CLANG_ANALYZER_NONNULL = YES;
				CLANG_ANALYZER_NUMBER_OBJECT_CONVERSION = YES_AGGRESSIVE;
				CLANG_CXX_LANGUAGE_STANDARD = "gnu++20";
				CLANG_ENABLE_MODULES = YES;
				CLANG_ENABLE_OBJC_ARC = YES;
				CLANG_ENABLE_OBJC_WEAK = YES;
				CLANG_WARN_BLOCK_CAPTURE_AUTORELEASING = YES;
				CLANG_WARN_BOOL_CONVERSION = YES;
				CLANG_WARN_COMMA = YES;
				CLANG_WARN_CONSTANT_CONVERSION = YES;
				CLANG_WARN_DEPRECATED_OBJC_IMPLEMENTATIONS = YES;
				CLANG_WARN_DIRECT_OBJC_ISA_USAGE = YES_ERROR;
				CLANG_WARN_DOCUMENTATION_COMMENTS = YES;
				CLANG_WARN_EMPTY_BODY = YES;
				CLANG_WARN_ENUM_CONVERSION = YES;
				CLANG_WARN_INFINITE_RECURSION = YES;
				CLANG_WARN_INT_CONVERSION = YES;
				CLANG_WARN_NON_LITERAL_NULL_CONVERSION = YES;
				CLANG_WARN_OBJC_IMPLICIT_RETAIN_SELF = YES;
				CLANG_WARN_OBJC_LITERAL_CONVERSION = YES;
				CLANG_WARN_OBJC_ROOT_CLASS = YES_ERROR;
				CLANG_WARN_QUOTED_INCLUDE_IN_FRAMEWORK_HEADER = YES;
				CLANG_WARN_RANGE_LOOP_ANALYSIS = YES;
				CLANG_WARN_STRICT_PROTOTYPES = YES;
				CLANG_WARN_SUSPICIOUS_MOVE = YES;
				CLANG_WARN_UNGUARDED_AVAILABILITY = YES_AGGRESSIVE;
				CLANG_WARN_UNREACHABLE_CODE = YES;
				CLANG_WARN__DUPLICATE_METHOD_MATCH = YES;
				COPY_PHASE_STRIP = NO;
				DEBUG_INFORMATION_FORMAT = dwarf;
				ENABLE_STRICT_OBJC_MSGSEND = YES;
				ENABLE_TESTABILITY = YES;
				ENABLE_USER_SCRIPT_SANDBOXING = YES;
				GCC_C_LANGUAGE_STANDARD = gnu17;
				GCC_DYNAMIC_NO_PIC = NO;
				GCC_NO_COMMON_BLOCKS = YES;
				GCC_OPTIMIZATION_LEVEL = 0;
				GCC_PREPROCESSOR_DEFINITIONS = (
					"DEBUG=1",
					"$(inherited)",
				);
				GCC_WARN_64_TO_32_BIT_CONVERSION = YES;
				GCC_WARN_ABOUT_RETURN_TYPE = YES_ERROR;
				GCC_WARN_UNDECLARED_SELECTOR = YES;
				GCC_WARN_UNINITIALIZED_AUTOS = YES_AGGRESSIVE;
				GCC_WARN_UNUSED_FUNCTION = YES;
				GCC_WARN_UNUSED_VARIABLE = YES;
				IPHONEOS_DEPLOYMENT_TARGET = 17.5;
				LOCALIZATION_PREFERS_STRING_CATALOGS = YES;
				MTL_ENABLE_DEBUG_INFO = INCLUDE_SOURCE;
				MTL_FAST_MATH = YES;
				ONLY_ACTIVE_ARCH = YES;
				SDKROOT = iphoneos;
				SWIFT_ACTIVE_COMPILATION_CONDITIONS = "DEBUG $(inherited)";
				SWIFT_OPTIMIZATION_LEVEL = "-Onone";
			};
			name = Debug;
		};
		C15D0A902C59DE7000F31E4E /* Release */ = {
			isa = XCBuildConfiguration;
			buildSettings = {
				ALWAYS_SEARCH_USER_PATHS = NO;
				ASSETCATALOG_COMPILER_GENERATE_SWIFT_ASSET_SYMBOL_EXTENSIONS = YES;
				CLANG_ANALYZER_NONNULL = YES;
				CLANG_ANALYZER_NUMBER_OBJECT_CONVERSION = YES_AGGRESSIVE;
				CLANG_CXX_LANGUAGE_STANDARD = "gnu++20";
				CLANG_ENABLE_MODULES = YES;
				CLANG_ENABLE_OBJC_ARC = YES;
				CLANG_ENABLE_OBJC_WEAK = YES;
				CLANG_WARN_BLOCK_CAPTURE_AUTORELEASING = YES;
				CLANG_WARN_BOOL_CONVERSION = YES;
				CLANG_WARN_COMMA = YES;
				CLANG_WARN_CONSTANT_CONVERSION = YES;
				CLANG_WARN_DEPRECATED_OBJC_IMPLEMENTATIONS = YES;
				CLANG_WARN_DIRECT_OBJC_ISA_USAGE = YES_ERROR;
				CLANG_WARN_DOCUMENTATION_COMMENTS = YES;
				CLANG_WARN_EMPTY_BODY = YES;
				CLANG_WARN_ENUM_CONVERSION = YES;
				CLANG_WARN_INFINITE_RECURSION = YES;
				CLANG_WARN_INT_CONVERSION = YES;
				CLANG_WARN_NON_LITERAL_NULL_CONVERSION = YES;
				CLANG_WARN_OBJC_IMPLICIT_RETAIN_SELF = YES;
				CLANG_WARN_OBJC_LITERAL_CONVERSION = YES;
				CLANG_WARN_OBJC_ROOT_CLASS = YES_ERROR;
				CLANG_WARN_QUOTED_INCLUDE_IN_FRAMEWORK_HEADER = YES;
				CLANG_WARN_RANGE_LOOP_ANALYSIS = YES;
				CLANG_WARN_STRICT_PROTOTYPES = YES;
				CLANG_WARN_SUSPICIOUS_MOVE = YES;
				CLANG_WARN_UNGUARDED_AVAILABILITY = YES_AGGRESSIVE;
				CLANG_WARN_UNREACHABLE_CODE = YES;
				CLANG_WARN__DUPLICATE_METHOD_MATCH = YES;
				COPY_PHASE_STRIP = NO;
				DEBUG_INFORMATION_FORMAT = "dwarf-with-dsym";
				ENABLE_NS_ASSERTIONS = NO;
				ENABLE_STRICT_OBJC_MSGSEND = YES;
				ENABLE_USER_SCRIPT_SANDBOXING = YES;
				GCC_C_LANGUAGE_STANDARD = gnu17;
				GCC_NO_COMMON_BLOCKS = YES;
				GCC_WARN_64_TO_32_BIT_CONVERSION = YES;
				GCC_WARN_ABOUT_RETURN_TYPE = YES_ERROR;
				GCC_WARN_UNDECLARED_SELECTOR = YES;
				GCC_WARN_UNINITIALIZED_AUTOS = YES_AGGRESSIVE;
				GCC_WARN_UNUSED_FUNCTION = YES;
				GCC_WARN_UNUSED_VARIABLE = YES;
				IPHONEOS_DEPLOYMENT_TARGET = 17.5;
				LOCALIZATION_PREFERS_STRING_CATALOGS = YES;
				MTL_ENABLE_DEBUG_INFO = NO;
				MTL_FAST_MATH = YES;
				SDKROOT = iphoneos;
				SWIFT_COMPILATION_MODE = wholemodule;
				VALIDATE_PRODUCT = YES;
			};
			name = Release;
		};
		C15D0A922C59DE7000F31E4E /* Debug */ = {
			isa = XCBuildConfiguration;
			buildSettings = {
				ASSETCATALOG_COMPILER_APPICON_NAME = AppIcon;
				ASSETCATALOG_COMPILER_GLOBAL_ACCENT_COLOR_NAME = AccentColor;
				CODE_SIGN_STYLE = Automatic;
				CURRENT_PROJECT_VERSION = 1;
				DEVELOPMENT_TEAM = ZCJ2VA7YZK;
				GENERATE_INFOPLIST_FILE = YES;
				INFOPLIST_FILE = BurguerStore/Info.plist;
				INFOPLIST_KEY_UIApplicationSupportsIndirectInputEvents = YES;
				INFOPLIST_KEY_UILaunchStoryboardName = LaunchScreen;
				INFOPLIST_KEY_UISupportedInterfaceOrientations_iPad = "UIInterfaceOrientationPortrait UIInterfaceOrientationPortraitUpsideDown UIInterfaceOrientationLandscapeLeft UIInterfaceOrientationLandscapeRight";
				INFOPLIST_KEY_UISupportedInterfaceOrientations_iPhone = "UIInterfaceOrientationPortrait UIInterfaceOrientationLandscapeLeft UIInterfaceOrientationLandscapeRight";
				LD_RUNPATH_SEARCH_PATHS = (
					"$(inherited)",
					"@executable_path/Frameworks",
				);
				MARKETING_VERSION = 1.0;
				PRODUCT_BUNDLE_IDENTIFIER = com.fabricio.BurguerStore;
				PRODUCT_NAME = "$(TARGET_NAME)";
				SWIFT_EMIT_LOC_STRINGS = YES;
				SWIFT_VERSION = 5.0;
				TARGETED_DEVICE_FAMILY = "1,2";
			};
			name = Debug;
		};
		C15D0A932C59DE7000F31E4E /* Release */ = {
			isa = XCBuildConfiguration;
			buildSettings = {
				ASSETCATALOG_COMPILER_APPICON_NAME = AppIcon;
				ASSETCATALOG_COMPILER_GLOBAL_ACCENT_COLOR_NAME = AccentColor;
				CODE_SIGN_STYLE = Automatic;
				CURRENT_PROJECT_VERSION = 1;
				DEVELOPMENT_TEAM = ZCJ2VA7YZK;
				GENERATE_INFOPLIST_FILE = YES;
				INFOPLIST_FILE = BurguerStore/Info.plist;
				INFOPLIST_KEY_UIApplicationSupportsIndirectInputEvents = YES;
				INFOPLIST_KEY_UILaunchStoryboardName = LaunchScreen;
				INFOPLIST_KEY_UISupportedInterfaceOrientations_iPad = "UIInterfaceOrientationPortrait UIInterfaceOrientationPortraitUpsideDown UIInterfaceOrientationLandscapeLeft UIInterfaceOrientationLandscapeRight";
				INFOPLIST_KEY_UISupportedInterfaceOrientations_iPhone = "UIInterfaceOrientationPortrait UIInterfaceOrientationLandscapeLeft UIInterfaceOrientationLandscapeRight";
				LD_RUNPATH_SEARCH_PATHS = (
					"$(inherited)",
					"@executable_path/Frameworks",
				);
				MARKETING_VERSION = 1.0;
				PRODUCT_BUNDLE_IDENTIFIER = com.fabricio.BurguerStore;
				PRODUCT_NAME = "$(TARGET_NAME)";
				SWIFT_EMIT_LOC_STRINGS = YES;
				SWIFT_VERSION = 5.0;
				TARGETED_DEVICE_FAMILY = "1,2";
			};
			name = Release;
		};
/* End XCBuildConfiguration section */

/* Begin XCConfigurationList section */
		C15D0A782C59DE6E00F31E4E /* Build configuration list for PBXProject "BurguerStore" */ = {
			isa = XCConfigurationList;
			buildConfigurations = (
				C15D0A8F2C59DE7000F31E4E /* Debug */,
				C15D0A902C59DE7000F31E4E /* Release */,
			);
			defaultConfigurationIsVisible = 0;
			defaultConfigurationName = Release;
		};
		C15D0A912C59DE7000F31E4E /* Build configuration list for PBXNativeTarget "BurguerStore" */ = {
			isa = XCConfigurationList;
			buildConfigurations = (
				C15D0A922C59DE7000F31E4E /* Debug */,
				C15D0A932C59DE7000F31E4E /* Release */,
			);
			defaultConfigurationIsVisible = 0;
			defaultConfigurationName = Release;
		};
/* End XCConfigurationList section */
	};
	rootObject = C15D0A752C59DE6E00F31E4E /* Project object */;
}
